// !$*UTF8*$!
{
	archiveVersion = 1;
	classes = {
	};
	objectVersion = 54;
	objects = {

/* Begin PBXBuildFile section */
		1498D2341E8E89220040F4C2 /* GeneratedPluginRegistrant.m in Sources */ = {isa = PBXBuildFile; fileRef = 1498D2331E8E89220040F4C2 /* GeneratedPluginRegistrant.m */; };
		2C7FFBFD2FAB940800EF317B /* Pods_Runner.framework in Frameworks */ = {isa = PBXBuildFile; fileRef = 6CCA5A56C682F41C03D14D9B /* Pods_Runner.framework */; };
		2C7FFBFE2FAB940900EF317B /* Pods_Runner.framework in Embed Frameworks */ = {isa = PBXBuildFile; fileRef = 6CCA5A56C682F41C03D14D9B /* Pods_Runner.framework */; settings = {ATTRIBUTES = (CodeSignOnCopy, RemoveHeadersOnCopy, ); }; };
		2C7FFC022FAB968F00EF317B /* business_logo_ios.icon in Resources */ = {isa = PBXBuildFile; fileRef = 2C7FFBFF2FAB968F00EF317B /* business_logo_ios.icon */; };
		2C7FFC032FAB968F00EF317B /* business_logo_ios_easter.icon in Resources */ = {isa = PBXBuildFile; fileRef = 2C7FFC002FAB968F00EF317B /* business_logo_ios_easter.icon */; };
		2C7FFC042FAB968F00EF317B /* business_logo_ios_winter.icon in Resources */ = {isa = PBXBuildFile; fileRef = 2C7FFC012FAB968F00EF317B /* business_logo_ios_winter.icon */; };
		331C808B294A63AB00263BE5 /* RunnerTests.swift in Sources */ = {isa = PBXBuildFile; fileRef = 331C807B294A618700263BE5 /* RunnerTests.swift */; };
		3B3967161E833CAA004F5970 /* AppFrameworkInfo.plist in Resources */ = {isa = PBXBuildFile; fileRef = 3B3967151E833CAA004F5970 /* AppFrameworkInfo.plist */; };
		74858FAF1ED2DC5600515810 /* AppDelegate.swift in Sources */ = {isa = PBXBuildFile; fileRef = 74858FAE1ED2DC5600515810 /* AppDelegate.swift */; };
		7884E8682EC3CC0700C636F2 /* SceneDelegate.swift in Sources */ = {isa = PBXBuildFile; fileRef = 7884E8672EC3CC0400C636F2 /* SceneDelegate.swift */; };
		97C146FC1CF9000F007C117D /* Main.storyboard in Resources */ = {isa = PBXBuildFile; fileRef = 97C146FA1CF9000F007C117D /* Main.storyboard */; };
		97C146FE1CF9000F007C117D /* Assets.xcassets in Resources */ = {isa = PBXBuildFile; fileRef = 97C146FD1CF9000F007C117D /* Assets.xcassets */; };
		97C147011CF9000F007C117D /* LaunchScreen.storyboard in Resources */ = {isa = PBXBuildFile; fileRef = 97C146FF1CF9000F007C117D /* LaunchScreen.storyboard */; };
		AA6F84A92E7762BB46DF256E /* Pods_RunnerTests.framework in Frameworks */ = {isa = PBXBuildFile; fileRef = 30ED51A3AF7E84A625FADE07 /* Pods_RunnerTests.framework */; };
/* End PBXBuildFile section */

/* Begin PBXContainerItemProxy section */
		331C8085294A63A400263BE5 /* PBXContainerItemProxy */ = {
			isa = PBXContainerItemProxy;
			containerPortal = 97C146E61CF9000F007C117D /* Project object */;
			proxyType = 1;
			remoteGlobalIDString = 97C146ED1CF9000F007C117D;
			remoteInfo = Runner;
		};
/* End PBXContainerItemProxy section */

/* Begin PBXCopyFilesBuildPhase section */
		9705A1C41CF9048500538489 /* Embed Frameworks */ = {
			isa = PBXCopyFilesBuildPhase;
			buildActionMask = 2147483647;
			dstPath = "";
			dstSubfolderSpec = 10;
			files = (
				2C7FFBFE2FAB940900EF317B /* Pods_Runner.framework in Embed Frameworks */,
			);
			name = "Embed Frameworks";
			runOnlyForDeploymentPostprocessing = 0;
		};
/* End PBXCopyFilesBuildPhase section */

/* Begin PBXFileReference section */
		1498D2321E8E86230040F4C2 /* GeneratedPluginRegistrant.h */ = {isa = PBXFileReference; lastKnownFileType = sourcecode.c.h; path = GeneratedPluginRegistrant.h; sourceTree = "<group>"; };
		1498D2331E8E89220040F4C2 /* GeneratedPluginRegistrant.m */ = {isa = PBXFileReference; fileEncoding = 4; lastKnownFileType = sourcecode.c.objc; path = GeneratedPluginRegistrant.m; sourceTree = "<group>"; };
		2C7FFBFF2FAB968F00EF317B /* business_logo_ios.icon */ = {isa = PBXFileReference; lastKnownFileType = folder.iconcomposer.icon; path = business_logo_ios.icon; sourceTree = "<group>"; };
		2C7FFC002FAB968F00EF317B /* business_logo_ios_easter.icon */ = {isa = PBXFileReference; lastKnownFileType = folder.iconcomposer.icon; path = business_logo_ios_easter.icon; sourceTree = "<group>"; };
		2C7FFC012FAB968F00EF317B /* business_logo_ios_winter.icon */ = {isa = PBXFileReference; lastKnownFileType = folder.iconcomposer.icon; path = business_logo_ios_winter.icon; sourceTree = "<group>"; };
		30ED51A3AF7E84A625FADE07 /* Pods_RunnerTests.framework */ = {isa = PBXFileReference; explicitFileType = wrapper.framework; includeInIndex = 0; path = Pods_RunnerTests.framework; sourceTree = BUILT_PRODUCTS_DIR; };
		331C807B294A618700263BE5 /* RunnerTests.swift */ = {isa = PBXFileReference; lastKnownFileType = sourcecode.swift; path = RunnerTests.swift; sourceTree = "<group>"; };
		331C8081294A63A400263BE5 /* RunnerTests.xctest */ = {isa = PBXFileReference; explicitFileType = wrapper.cfbundle; includeInIndex = 0; path = RunnerTests.xctest; sourceTree = BUILT_PRODUCTS_DIR; };
		38DDF4D4992CF50A235EF866 /* Pods-Runner.debug.xcconfig */ = {isa = PBXFileReference; includeInIndex = 1; lastKnownFileType = text.xcconfig; name = "Pods-Runner.debug.xcconfig"; path = "Target Support Files/Pods-Runner/Pods-Runner.debug.xcconfig"; sourceTree = "<group>"; };
		3B3967151E833CAA004F5970 /* AppFrameworkInfo.plist */ = {isa = PBXFileReference; fileEncoding = 4; lastKnownFileType = text.plist.xml; name = AppFrameworkInfo.plist; path = Flutter/AppFrameworkInfo.plist; sourceTree = "<group>"; };
		6CCA5A56C682F41C03D14D9B /* Pods_Runner.framework */ = {isa = PBXFileReference; explicitFileType = wrapper.framework; includeInIndex = 0; path = Pods_Runner.framework; sourceTree = BUILT_PRODUCTS_DIR; };
		6DD33ABCCC541F5A20D42525 /* Pods-Runner.release.xcconfig */ = {isa = PBXFileReference; includeInIndex = 1; lastKnownFileType = text.xcconfig; name = "Pods-Runner.release.xcconfig"; path = "Target Support Files/Pods-Runner/Pods-Runner.release.xcconfig"; sourceTree = "<group>"; };
		74858FAD1ED2DC5600515810 /* Runner-Bridging-Header.h */ = {isa = PBXFileReference; lastKnownFileType = sourcecode.c.h; path = "Runner-Bridging-Header.h"; sourceTree = "<group>"; };
		74858FAE1ED2DC5600515810 /* AppDelegate.swift */ = {isa = PBXFileReference; fileEncoding = 4; lastKnownFileType = sourcecode.swift; path = AppDelegate.swift; sourceTree = "<group>"; };
		7884E8672EC3CC0400C636F2 /* SceneDelegate.swift */ = {isa = PBXFileReference; lastKnownFileType = sourcecode.swift; path = SceneDelegate.swift; sourceTree = "<group>"; };
		79C6A991D0A56A81DC008A55 /* Pods-RunnerTests.debug.xcconfig */ = {isa = PBXFileReference; includeInIndex = 1; lastKnownFileType = text.xcconfig; name = "Pods-RunnerTests.debug.xcconfig"; path = "Target Support Files/Pods-RunnerTests/Pods-RunnerTests.debug.xcconfig"; sourceTree = "<group>"; };
		7A1C9C11C6ABC279425A8293 /* Pods-RunnerTests.profile.xcconfig */ = {isa = PBXFileReference; includeInIndex = 1; lastKnownFileType = text.xcconfig; name = "Pods-RunnerTests.profile.xcconfig"; path = "Target Support Files/Pods-RunnerTests/Pods-RunnerTests.profile.xcconfig"; sourceTree = "<group>"; };
		7AFA3C8E1D35360C0083082E /* Release.xcconfig */ = {isa = PBXFileReference; lastKnownFileType = text.xcconfig; name = Release.xcconfig; path = Flutter/Release.xcconfig; sourceTree = "<group>"; };
		9740EEB21CF90195004384FC /* Debug.xcconfig */ = {isa = PBXFileReference; fileEncoding = 4; lastKnownFileType = text.xcconfig; name = Debug.xcconfig; path = Flutter/Debug.xcconfig; sourceTree = "<group>"; };
		9740EEB31CF90195004384FC /* Generated.xcconfig */ = {isa = PBXFileReference; fileEncoding = 4; lastKnownFileType = text.xcconfig; name = Generated.xcconfig; path = Flutter/Generated.xcconfig; sourceTree = "<group>"; };
		97C146EE1CF9000F007C117D /* Runner.app */ = {isa = PBXFileReference; explicitFileType = wrapper.application; includeInIndex = 0; path = Runner.app; sourceTree = BUILT_PRODUCTS_DIR; };
		97C146FB1CF9000F007C117D /* Base */ = {isa = PBXFileReference; lastKnownFileType = file.storyboard; name = Base; path = Base.lproj/Main.storyboard; sourceTree = "<group>"; };
		97C146FD1CF9000F007C117D /* Assets.xcassets */ = {isa = PBXFileReference; lastKnownFileType = folder.assetcatalog; path = Assets.xcassets; sourceTree = "<group>"; };
		97C147001CF9000F007C117D /* Base */ = {isa = PBXFileReference; lastKnownFileType = file.storyboard; name = Base; path = Base.lproj/LaunchScreen.storyboard; sourceTree = "<group>"; };
		97C147021CF9000F007C117D /* Info.plist */ = {isa = PBXFileReference; lastKnownFileType = text.plist.xml; path = Info.plist; sourceTree = "<group>"; };
		97C147031CF9000F007C117E /* Runner.entitlements */ = {isa = PBXFileReference; lastKnownFileType = text.plist.entitlements; path = Runner.entitlements; sourceTree = "<group>"; };
		9ACB8C61F038C60CC98EF652 /* Pods-Runner.profile.xcconfig */ = {isa = PBXFileReference; includeInIndex = 1; lastKnownFileType = text.xcconfig; name = "Pods-Runner.profile.xcconfig"; path = "Target Support Files/Pods-Runner/Pods-Runner.profile.xcconfig"; sourceTree = "<group>"; };
		F86A5560308391BEFF16F4C4 /* Pods-RunnerTests.release.xcconfig */ = {isa = PBXFileReference; includeInIndex = 1; lastKnownFileType = text.xcconfig; name = "Pods-RunnerTests.release.xcconfig"; path = "Target Support Files/Pods-RunnerTests/Pods-RunnerTests.release.xcconfig"; sourceTree = "<group>"; };
/* End PBXFileReference section */

/* Begin PBXFrameworksBuildPhase section */
		97C146EB1CF9000F007C117D /* Frameworks */ = {
			isa = PBXFrameworksBuildPhase;
			buildActionMask = 2147483647;
			files = (
				2C7FFBFD2FAB940800EF317B /* Pods_Runner.framework in Frameworks */,
			);
			runOnlyForDeploymentPostprocessing = 0;
		};
		DE41CDA8B8E52506F93F1B7A /* Frameworks */ = {
			isa = PBXFrameworksBuildPhase;
			buildActionMask = 2147483647;
			files = (
				AA6F84A92E7762BB46DF256E /* Pods_RunnerTests.framework in Frameworks */,
			);
			runOnlyForDeploymentPostprocessing = 0;
		};
/* End PBXFrameworksBuildPhase section */

/* Begin PBXGroup section */
		0C3D00E3276C7380B2D0A313 /* Frameworks */ = {
			isa = PBXGroup;
			children = (
				6CCA5A56C682F41C03D14D9B /* Pods_Runner.framework */,
				30ED51A3AF7E84A625FADE07 /* Pods_RunnerTests.framework */,
			);
			name = Frameworks;
			sourceTree = "<group>";
		};
		331C8082294A63A400263BE5 /* RunnerTests */ = {
			isa = PBXGroup;
			children = (
				331C807B294A618700263BE5 /* RunnerTests.swift */,
			);
			path = RunnerTests;
			sourceTree = "<group>";
		};
		73E4AA0BE1C7056A0EE83308 /* Pods */ = {
			isa = PBXGroup;
			children = (
				38DDF4D4992CF50A235EF866 /* Pods-Runner.debug.xcconfig */,
				6DD33ABCCC541F5A20D42525 /* Pods-Runner.release.xcconfig */,
				9ACB8C61F038C60CC98EF652 /* Pods-Runner.profile.xcconfig */,
				79C6A991D0A56A81DC008A55 /* Pods-RunnerTests.debug.xcconfig */,
				F86A5560308391BEFF16F4C4 /* Pods-RunnerTests.release.xcconfig */,
				7A1C9C11C6ABC279425A8293 /* Pods-RunnerTests.profile.xcconfig */,
			);
			path = Pods;
			sourceTree = "<group>";
		};
		9740EEB11CF90186004384FC /* Flutter */ = {
			isa = PBXGroup;
			children = (
				3B3967151E833CAA004F5970 /* AppFrameworkInfo.plist */,
				9740EEB21CF90195004384FC /* Debug.xcconfig */,
				7AFA3C8E1D35360C0083082E /* Release.xcconfig */,
				9740EEB31CF90195004384FC /* Generated.xcconfig */,
			);
			name = Flutter;
			sourceTree = "<group>";
		};
		97C146E51CF9000F007C117D = {
			isa = PBXGroup;
			children = (
				9740EEB11CF90186004384FC /* Flutter */,
				97C146F01CF9000F007C117D /* Runner */,
				97C146EF1CF9000F007C117D /* Products */,
				331C8082294A63A400263BE5 /* RunnerTests */,
				73E4AA0BE1C7056A0EE83308 /* Pods */,
				0C3D00E3276C7380B2D0A313 /* Frameworks */,
			);
			sourceTree = "<group>";
		};
		97C146EF1CF9000F007C117D /* Products */ = {
			isa = PBXGroup;
			children = (
				97C146EE1CF9000F007C117D /* Runner.app */,
				331C8081294A63A400263BE5 /* RunnerTests.xctest */,
			);
			name = Products;
			sourceTree = "<group>";
		};
		97C146F01CF9000F007C117D /* Runner */ = {
			isa = PBXGroup;
			children = (
				97C146FA1CF9000F007C117D /* Main.storyboard */,
				97C146FD1CF9000F007C117D /* Assets.xcassets */,
				97C146FF1CF9000F007C117D /* LaunchScreen.storyboard */,
				97C147021CF9000F007C117D /* Info.plist */,
				97C147031CF9000F007C117E /* Runner.entitlements */,
				1498D2321E8E86230040F4C2 /* GeneratedPluginRegistrant.h */,
				1498D2331E8E89220040F4C2 /* GeneratedPluginRegistrant.m */,
				74858FAE1ED2DC5600515810 /* AppDelegate.swift */,
				7884E8672EC3CC0400C636F2 /* SceneDelegate.swift */,
				74858FAD1ED2DC5600515810 /* Runner-Bridging-Header.h */,
				2C7FFBFF2FAB968F00EF317B /* business_logo_ios.icon */,
				2C7FFC002FAB968F00EF317B /* business_logo_ios_easter.icon */,
				2C7FFC012FAB968F00EF317B /* business_logo_ios_winter.icon */,
			);
			path = Runner;
			sourceTree = "<group>";
		};
/* End PBXGroup section */

/* Begin PBXNativeTarget section */
		331C8080294A63A400263BE5 /* RunnerTests */ = {
			isa = PBXNativeTarget;
			buildConfigurationList = 331C8087294A63A400263BE5 /* Build configuration list for PBXNativeTarget "RunnerTests" */;
			buildPhases = (
				19A89CE76D775B125945B36E /* [CP] Check Pods Manifest.lock */,
				331C807D294A63A400263BE5 /* Sources */,
				331C807F294A63A400263BE5 /* Resources */,
				DE41CDA8B8E52506F93F1B7A /* Frameworks */,
			);
			buildRules = (
			);
			dependencies = (
				331C8086294A63A400263BE5 /* PBXTargetDependency */,
			);
			name = RunnerTests;
			productName = RunnerTests;
			productReference = 331C8081294A63A400263BE5 /* RunnerTests.xctest */;
			productType = "com.apple.product-type.bundle.unit-test";
		};
		97C146ED1CF9000F007C117D /* Runner */ = {
			isa = PBXNativeTarget;
			buildConfigurationList = 97C147051CF9000F007C117D /* Build configuration list for PBXNativeTarget "Runner" */;
			buildPhases = (
				5571F03F8829A51450110156 /* [CP] Check Pods Manifest.lock */,
				9740EEB61CF901F6004384FC /* Run Script */,
				97C146EA1CF9000F007C117D /* Sources */,
				97C146EB1CF9000F007C117D /* Frameworks */,
				97C146EC1CF9000F007C117D /* Resources */,
				9705A1C41CF9048500538489 /* Embed Frameworks */,
				3B06AD1E1E4923F5004D2608 /* Thin Binary */,
				2C627B1DFA54FC1AF608B8F7 /* [CP] Embed Pods Frameworks */,
				F4644F65BD42ADE845E6493A /* [CP] Copy Pods Resources */,
				71ECF56B073E671C3F5BDAFC /* Strip Simulator Slices */,
				8728745738B186CECB8FBF81 /* Strip Simulator Slices */,
				2A31C55A20B214CE31D789BC /* Strip Simulator Slices */,
				7B30F3D06E2AAB5F1BC9E5C7 /* Strip Simulator Slices */,
				52515E325A7F61E4A4F9FABB /* Strip Simulator Slices */,
				42A89F4A82DA39DC82DF52B9 /* Strip Simulator Slices */,
				4C52433B45E357C7CA4C1299 /* Strip Simulator Slices */,
				6A132CAE047E58C4BF327342 /* Strip Simulator Slices */,
				D54D9C0DD1BA991A17FBB6A0 /* Strip Simulator Slices */,
				F41C77089123FAE777678A03 /* Strip Simulator Slices */,
				1555F2A6DF8AABAA6703276D /* Strip Simulator Slices */,
				0D59090AC794FE3ADE79E174 /* Strip Simulator Slices */,
				92F641149537023202969F48 /* Strip Simulator Slices */,
				B1B7971A5B7F21846CC3964F /* Strip Simulator Slices */,
				57F12F356619275C16A8C11B /* Strip Simulator Slices */,
				224BEAF5DD6BD31778C41142 /* Strip Simulator Slices */,
				8C64633778571BF5CC487906 /* Strip Simulator Slices */,
				F3AC87538828CE83E12E2EAF /* Strip Simulator Slices */,
				8304CC38972DC050EA1B321F /* Strip Simulator Slices */,
				068B715A63B560244F3387E3 /* Strip Simulator Slices */,
				54ABC47E33AFD66EB415CF24 /* Strip Simulator Slices */,
				23E60AE06249184D214E69F9 /* Strip Simulator Slices */,
				27C442C58451405BBAE422CA /* Strip Simulator Slices */,
				134F35BCF2EEFC183537480F /* Strip Simulator Slices */,
			);
			buildRules = (
			);
			dependencies = (
			);
			name = Runner;
			productName = Runner;
			productReference = 97C146EE1CF9000F007C117D /* Runner.app */;
			productType = "com.apple.product-type.application";
		};
/* End PBXNativeTarget section */

/* Begin PBXProject section */
		97C146E61CF9000F007C117D /* Project object */ = {
			isa = PBXProject;
			attributes = {
				BuildIndependentTargetsInParallel = YES;
				LastUpgradeCheck = 1510;
				ORGANIZATIONNAME = "";
				TargetAttributes = {
					331C8080294A63A400263BE5 = {
						CreatedOnToolsVersion = 14.0;
						TestTargetID = 97C146ED1CF9000F007C117D;
					};
					97C146ED1CF9000F007C117D = {
						CreatedOnToolsVersion = 7.3.1;
						LastSwiftMigration = 1100;
					};
				};
			};
			buildConfigurationList = 97C146E91CF9000F007C117D /* Build configuration list for PBXProject "Runner" */;
			compatibilityVersion = "Xcode 9.3";
			developmentRegion = en;
			hasScannedForEncodings = 0;
			knownRegions = (
				en,
				Base,
			);
			mainGroup = 97C146E51CF9000F007C117D;
			productRefGroup = 97C146EF1CF9000F007C117D /* Products */;
			projectDirPath = "";
			projectRoot = "";
			targets = (
				97C146ED1CF9000F007C117D /* Runner */,
				331C8080294A63A400263BE5 /* RunnerTests */,
			);
		};
/* End PBXProject section */

/* Begin PBXResourcesBuildPhase section */
		331C807F294A63A400263BE5 /* Resources */ = {
			isa = PBXResourcesBuildPhase;
			buildActionMask = 2147483647;
			files = (
			);
			runOnlyForDeploymentPostprocessing = 0;
		};
		97C146EC1CF9000F007C117D /* Resources */ = {
			isa = PBXResourcesBuildPhase;
			buildActionMask = 2147483647;
			files = (
				97C147011CF9000F007C117D /* LaunchScreen.storyboard in Resources */,
				3B3967161E833CAA004F5970 /* AppFrameworkInfo.plist in Resources */,
				2C7FFC022FAB968F00EF317B /* business_logo_ios.icon in Resources */,
				2C7FFC032FAB968F00EF317B /* business_logo_ios_easter.icon in Resources */,
				2C7FFC042FAB968F00EF317B /* business_logo_ios_winter.icon in Resources */,
				97C146FE1CF9000F007C117D /* Assets.xcassets in Resources */,
				97C146FC1CF9000F007C117D /* Main.storyboard in Resources */,
			);
			runOnlyForDeploymentPostprocessing = 0;
		};
/* End PBXResourcesBuildPhase section */

/* Begin PBXShellScriptBuildPhase section */
		068B715A63B560244F3387E3 /* Strip Simulator Slices */ = {
			isa = PBXShellScriptBuildPhase;
			buildActionMask = 2147483647;
			files = (
			);
			inputFileListPaths = (
			);
			inputPaths = (
			);
			name = "Strip Simulator Slices";
			outputFileListPaths = (
			);
			outputPaths = (
			);
			runOnlyForDeploymentPostprocessing = 1;
			shellPath = /bin/sh;
			shellScript = "if [ \"$CONFIGURATION\" == \"Release\" ]; then\n  find \"$TARGET_BUILD_DIR/$WRAPPER_NAME\" -name \"*.framework\" -type d | while read framework; do\n    binary=\"$framework/$(basename \"$framework\" .framework)\"\n    if [ ! -f \"$binary\" ]; then continue; fi\n    # Use vtool to check and remove simulator platform\n    if vtool -show-build \"$binary\" 2>/dev/null | grep -q \"IOSSIMULATOR\"; then\n      echo \"Stripping simulator slice from: $binary\"\n      cp \"$binary\" \"$binary.bak\"\n      lipo \"$binary.bak\" -remove x86_64 -output \"$binary\" 2>/dev/null || cp \"$binary.bak\" \"$binary\"\n      vtool -set-build-version ios 15.0 15.0 -replace -output \"$binary.fixed\" \"$binary\" 2>/dev/null && mv \"$binary.fixed\" \"$binary\" || true\n      rm -f \"$binary.bak\"\n    fi\n  done\nfi\n";
		};
		0D59090AC794FE3ADE79E174 /* Strip Simulator Slices */ = {
			isa = PBXShellScriptBuildPhase;
			buildActionMask = 2147483647;
			files = (
			);
			inputFileListPaths = (
			);
			inputPaths = (
			);
			name = "Strip Simulator Slices";
			outputFileListPaths = (
			);
			outputPaths = (
			);
			runOnlyForDeploymentPostprocessing = 1;
			shellPath = /bin/sh;
			shellScript = "if [ \"$CONFIGURATION\" == \"Release\" ]; then\n  find \"$TARGET_BUILD_DIR/$WRAPPER_NAME\" -name \"*.framework\" -type d | while read framework; do\n    binary=\"$framework/$(basename \"$framework\" .framework)\"\n    if [ ! -f \"$binary\" ]; then continue; fi\n    # Use vtool to check and remove simulator platform\n    if vtool -show-build \"$binary\" 2>/dev/null | grep -q \"IOSSIMULATOR\"; then\n      echo \"Stripping simulator slice from: $binary\"\n      cp \"$binary\" \"$binary.bak\"\n      lipo \"$binary.bak\" -remove x86_64 -output \"$binary\" 2>/dev/null || cp \"$binary.bak\" \"$binary\"\n      vtool -set-build-version ios 15.0 15.0 -replace -output \"$binary.fixed\" \"$binary\" 2>/dev/null && mv \"$binary.fixed\" \"$binary\" || true\n      rm -f \"$binary.bak\"\n    fi\n  done\nfi\n";
		};
		134F35BCF2EEFC183537480F /* Strip Simulator Slices */ = {
			isa = PBXShellScriptBuildPhase;
			buildActionMask = 2147483647;
			files = (
			);
			inputFileListPaths = (
			);
			inputPaths = (
			);
			name = "Strip Simulator Slices";
			outputFileListPaths = (
			);
			outputPaths = (
			);
			runOnlyForDeploymentPostprocessing = 1;
			shellPath = /bin/sh;
			shellScript = "if [ \"$CONFIGURATION\" == \"Release\" ]; then\n  find \"$TARGET_BUILD_DIR/$WRAPPER_NAME\" -name \"*.framework\" -type d | while read framework; do\n    binary=\"$framework/$(basename \"$framework\" .framework)\"\n    if [ ! -f \"$binary\" ]; then continue; fi\n    # Use vtool to check and remove simulator platform\n    if vtool -show-build \"$binary\" 2>/dev/null | grep -q \"IOSSIMULATOR\"; then\n      echo \"Stripping simulator slice from: $binary\"\n      cp \"$binary\" \"$binary.bak\"\n      lipo \"$binary.bak\" -remove x86_64 -output \"$binary\" 2>/dev/null || cp \"$binary.bak\" \"$binary\"\n      vtool -set-build-version ios 15.0 15.0 -replace -output \"$binary.fixed\" \"$binary\" 2>/dev/null && mv \"$binary.fixed\" \"$binary\" || true\n      rm -f \"$binary.bak\"\n    fi\n  done\nfi\n";
		};
		1555F2A6DF8AABAA6703276D /* Strip Simulator Slices */ = {
			isa = PBXShellScriptBuildPhase;
			buildActionMask = 2147483647;
			files = (
			);
			inputFileListPaths = (
			);
			inputPaths = (
			);
			name = "Strip Simulator Slices";
			outputFileListPaths = (
			);
			outputPaths = (
			);
			runOnlyForDeploymentPostprocessing = 1;
			shellPath = /bin/sh;
			shellScript = "if [ \"$CONFIGURATION\" == \"Release\" ]; then\n  find \"$TARGET_BUILD_DIR/$WRAPPER_NAME\" -name \"*.framework\" -type d | while read framework; do\n    binary=\"$framework/$(basename \"$framework\" .framework)\"\n    if [ ! -f \"$binary\" ]; then continue; fi\n    # Use vtool to check and remove simulator platform\n    if vtool -show-build \"$binary\" 2>/dev/null | grep -q \"IOSSIMULATOR\"; then\n      echo \"Stripping simulator slice from: $binary\"\n      cp \"$binary\" \"$binary.bak\"\n      lipo \"$binary.bak\" -remove x86_64 -output \"$binary\" 2>/dev/null || cp \"$binary.bak\" \"$binary\"\n      vtool -set-build-version ios 15.0 15.0 -replace -output \"$binary.fixed\" \"$binary\" 2>/dev/null && mv \"$binary.fixed\" \"$binary\" || true\n      rm -f \"$binary.bak\"\n    fi\n  done\nfi\n";
		};
		19A89CE76D775B125945B36E /* [CP] Check Pods Manifest.lock */ = {
			isa = PBXShellScriptBuildPhase;
			buildActionMask = 2147483647;
			files = (
			);
			inputFileListPaths = (
			);
			inputPaths = (
				"${PODS_PODFILE_DIR_PATH}/Podfile.lock",
				"${PODS_ROOT}/Manifest.lock",
			);
			name = "[CP] Check Pods Manifest.lock";
			outputFileListPaths = (
			);
			outputPaths = (
				"$(DERIVED_FILE_DIR)/Pods-RunnerTests-checkManifestLockResult.txt",
			);
			runOnlyForDeploymentPostprocessing = 0;
			shellPath = /bin/sh;
			shellScript = "diff \"${PODS_PODFILE_DIR_PATH}/Podfile.lock\" \"${PODS_ROOT}/Manifest.lock\" > /dev/null\nif [ $? != 0 ] ; then\n    # print error to STDERR\n    echo \"error: The sandbox is not in sync with the Podfile.lock. Run 'pod install' or update your CocoaPods installation.\" >&2\n    exit 1\nfi\n# This output is used by Xcode 'outputs' to avoid re-running this script phase.\necho \"SUCCESS\" > \"${SCRIPT_OUTPUT_FILE_0}\"\n";
			showEnvVarsInLog = 0;
		};
		224BEAF5DD6BD31778C41142 /* Strip Simulator Slices */ = {
			isa = PBXShellScriptBuildPhase;
			buildActionMask = 2147483647;
			files = (
			);
			inputFileListPaths = (
			);
			inputPaths = (
			);
			name = "Strip Simulator Slices";
			outputFileListPaths = (
			);
			outputPaths = (
			);
			runOnlyForDeploymentPostprocessing = 1;
			shellPath = /bin/sh;
			shellScript = "if [ \"$CONFIGURATION\" == \"Release\" ]; then\n  find \"$TARGET_BUILD_DIR/$WRAPPER_NAME\" -name \"*.framework\" -type d | while read framework; do\n    binary=\"$framework/$(basename \"$framework\" .framework)\"\n    if [ ! -f \"$binary\" ]; then continue; fi\n    # Use vtool to check and remove simulator platform\n    if vtool -show-build \"$binary\" 2>/dev/null | grep -q \"IOSSIMULATOR\"; then\n      echo \"Stripping simulator slice from: $binary\"\n      cp \"$binary\" \"$binary.bak\"\n      lipo \"$binary.bak\" -remove x86_64 -output \"$binary\" 2>/dev/null || cp \"$binary.bak\" \"$binary\"\n      vtool -set-build-version ios 15.0 15.0 -replace -output \"$binary.fixed\" \"$binary\" 2>/dev/null && mv \"$binary.fixed\" \"$binary\" || true\n      rm -f \"$binary.bak\"\n    fi\n  done\nfi\n";
		};
		23E60AE06249184D214E69F9 /* Strip Simulator Slices */ = {
			isa = PBXShellScriptBuildPhase;
			buildActionMask = 2147483647;
			files = (
			);
			inputFileListPaths = (
			);
			inputPaths = (
			);
			name = "Strip Simulator Slices";
			outputFileListPaths = (
			);
			outputPaths = (
			);
			runOnlyForDeploymentPostprocessing = 1;
			shellPath = /bin/sh;
			shellScript = "if [ \"$CONFIGURATION\" == \"Release\" ]; then\n  find \"$TARGET_BUILD_DIR/$WRAPPER_NAME\" -name \"*.framework\" -type d | while read framework; do\n    binary=\"$framework/$(basename \"$framework\" .framework)\"\n    if [ ! -f \"$binary\" ]; then continue; fi\n    # Use vtool to check and remove simulator platform\n    if vtool -show-build \"$binary\" 2>/dev/null | grep -q \"IOSSIMULATOR\"; then\n      echo \"Stripping simulator slice from: $binary\"\n      cp \"$binary\" \"$binary.bak\"\n      lipo \"$binary.bak\" -remove x86_64 -output \"$binary\" 2>/dev/null || cp \"$binary.bak\" \"$binary\"\n      vtool -set-build-version ios 15.0 15.0 -replace -output \"$binary.fixed\" \"$binary\" 2>/dev/null && mv \"$binary.fixed\" \"$binary\" || true\n      rm -f \"$binary.bak\"\n    fi\n  done\nfi\n";
		};
		27C442C58451405BBAE422CA /* Strip Simulator Slices */ = {
			isa = PBXShellScriptBuildPhase;
			buildActionMask = 2147483647;
			files = (
			);
			inputFileListPaths = (
			);
			inputPaths = (
			);
			name = "Strip Simulator Slices";
			outputFileListPaths = (
			);
			outputPaths = (
			);
			runOnlyForDeploymentPostprocessing = 1;
			shellPath = /bin/sh;
			shellScript = "if [ \"$CONFIGURATION\" == \"Release\" ]; then\n  find \"$TARGET_BUILD_DIR/$WRAPPER_NAME\" -name \"*.framework\" -type d | while read framework; do\n    binary=\"$framework/$(basename \"$framework\" .framework)\"\n    if [ ! -f \"$binary\" ]; then continue; fi\n    # Use vtool to check and remove simulator platform\n    if vtool -show-build \"$binary\" 2>/dev/null | grep -q \"IOSSIMULATOR\"; then\n      echo \"Stripping simulator slice from: $binary\"\n      cp \"$binary\" \"$binary.bak\"\n      lipo \"$binary.bak\" -remove x86_64 -output \"$binary\" 2>/dev/null || cp \"$binary.bak\" \"$binary\"\n      vtool -set-build-version ios 15.0 15.0 -replace -output \"$binary.fixed\" \"$binary\" 2>/dev/null && mv \"$binary.fixed\" \"$binary\" || true\n      rm -f \"$binary.bak\"\n    fi\n  done\nfi\n";
		};
		2A31C55A20B214CE31D789BC /* Strip Simulator Slices */ = {
			isa = PBXShellScriptBuildPhase;
			buildActionMask = 2147483647;
			files = (
			);
			inputFileListPaths = (
			);
			inputPaths = (
			);
			name = "Strip Simulator Slices";
			outputFileListPaths = (
			);
			outputPaths = (
			);
			runOnlyForDeploymentPostprocessing = 1;
			shellPath = /bin/sh;
			shellScript = "if [ \"$CONFIGURATION\" == \"Release\" ]; then\n  find \"$TARGET_BUILD_DIR/$WRAPPER_NAME\" -name \"*.framework\" -type d | while read framework; do\n    binary=\"$framework/$(basename \"$framework\" .framework)\"\n    if [ ! -f \"$binary\" ]; then continue; fi\n    # Use vtool to check and remove simulator platform\n    if vtool -show-build \"$binary\" 2>/dev/null | grep -q \"IOSSIMULATOR\"; then\n      echo \"Stripping simulator slice from: $binary\"\n      cp \"$binary\" \"$binary.bak\"\n      lipo \"$binary.bak\" -remove x86_64 -output \"$binary\" 2>/dev/null || cp \"$binary.bak\" \"$binary\"\n      vtool -set-build-version ios 15.0 15.0 -replace -output \"$binary.fixed\" \"$binary\" 2>/dev/null && mv \"$binary.fixed\" \"$binary\" || true\n      rm -f \"$binary.bak\"\n    fi\n  done\nfi\n";
		};
		2C627B1DFA54FC1AF608B8F7 /* [CP] Embed Pods Frameworks */ = {
			isa = PBXShellScriptBuildPhase;
			buildActionMask = 2147483647;
			files = (
			);
			inputFileListPaths = (
				"${PODS_ROOT}/Target Support Files/Pods-Runner/Pods-Runner-frameworks-${CONFIGURATION}-input-files.xcfilelist",
			);
			name = "[CP] Embed Pods Frameworks";
			outputFileListPaths = (
				"${PODS_ROOT}/Target Support Files/Pods-Runner/Pods-Runner-frameworks-${CONFIGURATION}-output-files.xcfilelist",
			);
			runOnlyForDeploymentPostprocessing = 0;
			shellPath = /bin/sh;
			shellScript = "\"${PODS_ROOT}/Target Support Files/Pods-Runner/Pods-Runner-frameworks.sh\"\n";
			showEnvVarsInLog = 0;
		};
		3B06AD1E1E4923F5004D2608 /* Thin Binary */ = {
			isa = PBXShellScriptBuildPhase;
			alwaysOutOfDate = 1;
			buildActionMask = 2147483647;
			files = (
			);
			inputPaths = (
				"${TARGET_BUILD_DIR}/${INFOPLIST_PATH}",
			);
			name = "Thin Binary";
			outputPaths = (
			);
			runOnlyForDeploymentPostprocessing = 0;
			shellPath = /bin/sh;
			shellScript = "/bin/sh \"$FLUTTER_ROOT/packages/flutter_tools/bin/xcode_backend.sh\" embed_and_thin";
		};
		42A89F4A82DA39DC82DF52B9 /* Strip Simulator Slices */ = {
			isa = PBXShellScriptBuildPhase;
			buildActionMask = 2147483647;
			files = (
			);
			inputFileListPaths = (
			);
			inputPaths = (
			);
			name = "Strip Simulator Slices";
			outputFileListPaths = (
			);
			outputPaths = (
			);
			runOnlyForDeploymentPostprocessing = 1;
			shellPath = /bin/sh;
			shellScript = "if [ \"$CONFIGURATION\" == \"Release\" ]; then\n  find \"$TARGET_BUILD_DIR/$WRAPPER_NAME\" -name \"*.framework\" -type d | while read framework; do\n    binary=\"$framework/$(basename \"$framework\" .framework)\"\n    if [ ! -f \"$binary\" ]; then continue; fi\n    # Use vtool to check and remove simulator platform\n    if vtool -show-build \"$binary\" 2>/dev/null | grep -q \"IOSSIMULATOR\"; then\n      echo \"Stripping simulator slice from: $binary\"\n      cp \"$binary\" \"$binary.bak\"\n      lipo \"$binary.bak\" -remove x86_64 -output \"$binary\" 2>/dev/null || cp \"$binary.bak\" \"$binary\"\n      vtool -set-build-version ios 15.0 15.0 -replace -output \"$binary.fixed\" \"$binary\" 2>/dev/null && mv \"$binary.fixed\" \"$binary\" || true\n      rm -f \"$binary.bak\"\n    fi\n  done\nfi\n";
		};
		4C52433B45E357C7CA4C1299 /* Strip Simulator Slices */ = {
			isa = PBXShellScriptBuildPhase;
			buildActionMask = 2147483647;
			files = (
			);
			inputFileListPaths = (
			);
			inputPaths = (
			);
			name = "Strip Simulator Slices";
			outputFileListPaths = (
			);
			outputPaths = (
			);
			runOnlyForDeploymentPostprocessing = 1;
			shellPath = /bin/sh;
			shellScript = "if [ \"$CONFIGURATION\" == \"Release\" ]; then\n  find \"$TARGET_BUILD_DIR/$WRAPPER_NAME\" -name \"*.framework\" -type d | while read framework; do\n    binary=\"$framework/$(basename \"$framework\" .framework)\"\n    if [ ! -f \"$binary\" ]; then continue; fi\n    # Use vtool to check and remove simulator platform\n    if vtool -show-build \"$binary\" 2>/dev/null | grep -q \"IOSSIMULATOR\"; then\n      echo \"Stripping simulator slice from: $binary\"\n      cp \"$binary\" \"$binary.bak\"\n      lipo \"$binary.bak\" -remove x86_64 -output \"$binary\" 2>/dev/null || cp \"$binary.bak\" \"$binary\"\n      vtool -set-build-version ios 15.0 15.0 -replace -output \"$binary.fixed\" \"$binary\" 2>/dev/null && mv \"$binary.fixed\" \"$binary\" || true\n      rm -f \"$binary.bak\"\n    fi\n  done\nfi\n";
		};
		52515E325A7F61E4A4F9FABB /* Strip Simulator Slices */ = {
			isa = PBXShellScriptBuildPhase;
			buildActionMask = 2147483647;
			files = (
			);
			inputFileListPaths = (
			);
			inputPaths = (
			);
			name = "Strip Simulator Slices";
			outputFileListPaths = (
			);
			outputPaths = (
			);
			runOnlyForDeploymentPostprocessing = 1;
			shellPath = /bin/sh;
			shellScript = "if [ \"$CONFIGURATION\" == \"Release\" ]; then\n  find \"$TARGET_BUILD_DIR/$WRAPPER_NAME\" -name \"*.framework\" -type d | while read framework; do\n    binary=\"$framework/$(basename \"$framework\" .framework)\"\n    if [ ! -f \"$binary\" ]; then continue; fi\n    # Use vtool to check and remove simulator platform\n    if vtool -show-build \"$binary\" 2>/dev/null | grep -q \"IOSSIMULATOR\"; then\n      echo \"Stripping simulator slice from: $binary\"\n      cp \"$binary\" \"$binary.bak\"\n      lipo \"$binary.bak\" -remove x86_64 -output \"$binary\" 2>/dev/null || cp \"$binary.bak\" \"$binary\"\n      vtool -set-build-version ios 15.0 15.0 -replace -output \"$binary.fixed\" \"$binary\" 2>/dev/null && mv \"$binary.fixed\" \"$binary\" || true\n      rm -f \"$binary.bak\"\n    fi\n  done\nfi\n";
		};
		54ABC47E33AFD66EB415CF24 /* Strip Simulator Slices */ = {
			isa = PBXShellScriptBuildPhase;
			buildActionMask = 2147483647;
			files = (
			);
			inputFileListPaths = (
			);
			inputPaths = (
			);
			name = "Strip Simulator Slices";
			outputFileListPaths = (
			);
			outputPaths = (
			);
			runOnlyForDeploymentPostprocessing = 1;
			shellPath = /bin/sh;
			shellScript = "if [ \"$CONFIGURATION\" == \"Release\" ]; then\n  find \"$TARGET_BUILD_DIR/$WRAPPER_NAME\" -name \"*.framework\" -type d | while read framework; do\n    binary=\"$framework/$(basename \"$framework\" .framework)\"\n    if [ ! -f \"$binary\" ]; then continue; fi\n    # Use vtool to check and remove simulator platform\n    if vtool -show-build \"$binary\" 2>/dev/null | grep -q \"IOSSIMULATOR\"; then\n      echo \"Stripping simulator slice from: $binary\"\n      cp \"$binary\" \"$binary.bak\"\n      lipo \"$binary.bak\" -remove x86_64 -output \"$binary\" 2>/dev/null || cp \"$binary.bak\" \"$binary\"\n      vtool -set-build-version ios 15.0 15.0 -replace -output \"$binary.fixed\" \"$binary\" 2>/dev/null && mv \"$binary.fixed\" \"$binary\" || true\n      rm -f \"$binary.bak\"\n    fi\n  done\nfi\n";
		};
		5571F03F8829A51450110156 /* [CP] Check Pods Manifest.lock */ = {
			isa = PBXShellScriptBuildPhase;
			buildActionMask = 2147483647;
			files = (
			);
			inputFileListPaths = (
			);
			inputPaths = (
				"${PODS_PODFILE_DIR_PATH}/Podfile.lock",
				"${PODS_ROOT}/Manifest.lock",
			);
			name = "[CP] Check Pods Manifest.lock";
			outputFileListPaths = (
			);
			outputPaths = (
				"$(DERIVED_FILE_DIR)/Pods-Runner-checkManifestLockResult.txt",
			);
			runOnlyForDeploymentPostprocessing = 0;
			shellPath = /bin/sh;
			shellScript = "diff \"${PODS_PODFILE_DIR_PATH}/Podfile.lock\" \"${PODS_ROOT}/Manifest.lock\" > /dev/null\nif [ $? != 0 ] ; then\n    # print error to STDERR\n    echo \"error: The sandbox is not in sync with the Podfile.lock. Run 'pod install' or update your CocoaPods installation.\" >&2\n    exit 1\nfi\n# This output is used by Xcode 'outputs' to avoid re-running this script phase.\necho \"SUCCESS\" > \"${SCRIPT_OUTPUT_FILE_0}\"\n";
			showEnvVarsInLog = 0;
		};
		57F12F356619275C16A8C11B /* Strip Simulator Slices */ = {
			isa = PBXShellScriptBuildPhase;
			buildActionMask = 2147483647;
			files = (
			);
			inputFileListPaths = (
			);
			inputPaths = (
			);
			name = "Strip Simulator Slices";
			outputFileListPaths = (
			);
			outputPaths = (
			);
			runOnlyForDeploymentPostprocessing = 1;
			shellPath = /bin/sh;
			shellScript = "if [ \"$CONFIGURATION\" == \"Release\" ]; then\n  find \"$TARGET_BUILD_DIR/$WRAPPER_NAME\" -name \"*.framework\" -type d | while read framework; do\n    binary=\"$framework/$(basename \"$framework\" .framework)\"\n    if [ ! -f \"$binary\" ]; then continue; fi\n    # Use vtool to check and remove simulator platform\n    if vtool -show-build \"$binary\" 2>/dev/null | grep -q \"IOSSIMULATOR\"; then\n      echo \"Stripping simulator slice from: $binary\"\n      cp \"$binary\" \"$binary.bak\"\n      lipo \"$binary.bak\" -remove x86_64 -output \"$binary\" 2>/dev/null || cp \"$binary.bak\" \"$binary\"\n      vtool -set-build-version ios 15.0 15.0 -replace -output \"$binary.fixed\" \"$binary\" 2>/dev/null && mv \"$binary.fixed\" \"$binary\" || true\n      rm -f \"$binary.bak\"\n    fi\n  done\nfi\n";
		};
		6A132CAE047E58C4BF327342 /* Strip Simulator Slices */ = {
			isa = PBXShellScriptBuildPhase;
			buildActionMask = 2147483647;
			files = (
			);
			inputFileListPaths = (
			);
			inputPaths = (
			);
			name = "Strip Simulator Slices";
			outputFileListPaths = (
			);
			outputPaths = (
			);
			runOnlyForDeploymentPostprocessing = 1;
			shellPath = /bin/sh;
			shellScript = "if [ \"$CONFIGURATION\" == \"Release\" ]; then\n  find \"$TARGET_BUILD_DIR/$WRAPPER_NAME\" -name \"*.framework\" -type d | while read framework; do\n    binary=\"$framework/$(basename \"$framework\" .framework)\"\n    if [ ! -f \"$binary\" ]; then continue; fi\n    # Use vtool to check and remove simulator platform\n    if vtool -show-build \"$binary\" 2>/dev/null | grep -q \"IOSSIMULATOR\"; then\n      echo \"Stripping simulator slice from: $binary\"\n      cp \"$binary\" \"$binary.bak\"\n      lipo \"$binary.bak\" -remove x86_64 -output \"$binary\" 2>/dev/null || cp \"$binary.bak\" \"$binary\"\n      vtool -set-build-version ios 15.0 15.0 -replace -output \"$binary.fixed\" \"$binary\" 2>/dev/null && mv \"$binary.fixed\" \"$binary\" || true\n      rm -f \"$binary.bak\"\n    fi\n  done\nfi\n";
		};
		71ECF56B073E671C3F5BDAFC /* Strip Simulator Slices */ = {
			isa = PBXShellScriptBuildPhase;
			buildActionMask = 2147483647;
			files = (
			);
			inputFileListPaths = (
			);
			inputPaths = (
			);
			name = "Strip Simulator Slices";
			outputFileListPaths = (
			);
			outputPaths = (
			);
			runOnlyForDeploymentPostprocessing = 1;
			shellPath = /bin/sh;
			shellScript = "if [ \"$CONFIGURATION\" == \"Release\" ]; then\n  find \"$TARGET_BUILD_DIR/$WRAPPER_NAME\" -name \"*.framework\" -type d | while read framework; do\n    binary=\"$framework/$(basename \"$framework\" .framework)\"\n    if [ ! -f \"$binary\" ]; then continue; fi\n    # Use vtool to check and remove simulator platform\n    if vtool -show-build \"$binary\" 2>/dev/null | grep -q \"IOSSIMULATOR\"; then\n      echo \"Stripping simulator slice from: $binary\"\n      cp \"$binary\" \"$binary.bak\"\n      lipo \"$binary.bak\" -remove x86_64 -output \"$binary\" 2>/dev/null || cp \"$binary.bak\" \"$binary\"\n      vtool -set-build-version ios 15.0 15.0 -replace -output \"$binary.fixed\" \"$binary\" 2>/dev/null && mv \"$binary.fixed\" \"$binary\" || true\n      rm -f \"$binary.bak\"\n    fi\n  done\nfi\n";
		};
		7B30F3D06E2AAB5F1BC9E5C7 /* Strip Simulator Slices */ = {
			isa = PBXShellScriptBuildPhase;
			buildActionMask = 2147483647;
			files = (
			);
			inputFileListPaths = (
			);
			inputPaths = (
			);
			name = "Strip Simulator Slices";
			outputFileListPaths = (
			);
			outputPaths = (
			);
			runOnlyForDeploymentPostprocessing = 1;
			shellPath = /bin/sh;
			shellScript = "if [ \"$CONFIGURATION\" == \"Release\" ]; then\n  find \"$TARGET_BUILD_DIR/$WRAPPER_NAME\" -name \"*.framework\" -type d | while read framework; do\n    binary=\"$framework/$(basename \"$framework\" .framework)\"\n    if [ ! -f \"$binary\" ]; then continue; fi\n    # Use vtool to check and remove simulator platform\n    if vtool -show-build \"$binary\" 2>/dev/null | grep -q \"IOSSIMULATOR\"; then\n      echo \"Stripping simulator slice from: $binary\"\n      cp \"$binary\" \"$binary.bak\"\n      lipo \"$binary.bak\" -remove x86_64 -output \"$binary\" 2>/dev/null || cp \"$binary.bak\" \"$binary\"\n      vtool -set-build-version ios 15.0 15.0 -replace -output \"$binary.fixed\" \"$binary\" 2>/dev/null && mv \"$binary.fixed\" \"$binary\" || true\n      rm -f \"$binary.bak\"\n    fi\n  done\nfi\n";
		};
		8304CC38972DC050EA1B321F /* Strip Simulator Slices */ = {
			isa = PBXShellScriptBuildPhase;
			buildActionMask = 2147483647;
			files = (
			);
			inputFileListPaths = (
			);
			inputPaths = (
			);
			name = "Strip Simulator Slices";
			outputFileListPaths = (
			);
			outputPaths = (
			);
			runOnlyForDeploymentPostprocessing = 1;
			shellPath = /bin/sh;
			shellScript = "if [ \"$CONFIGURATION\" == \"Release\" ]; then\n  find \"$TARGET_BUILD_DIR/$WRAPPER_NAME\" -name \"*.framework\" -type d | while read framework; do\n    binary=\"$framework/$(basename \"$framework\" .framework)\"\n    if [ ! -f \"$binary\" ]; then continue; fi\n    # Use vtool to check and remove simulator platform\n    if vtool -show-build \"$binary\" 2>/dev/null | grep -q \"IOSSIMULATOR\"; then\n      echo \"Stripping simulator slice from: $binary\"\n      cp \"$binary\" \"$binary.bak\"\n      lipo \"$binary.bak\" -remove x86_64 -output \"$binary\" 2>/dev/null || cp \"$binary.bak\" \"$binary\"\n      vtool -set-build-version ios 15.0 15.0 -replace -output \"$binary.fixed\" \"$binary\" 2>/dev/null && mv \"$binary.fixed\" \"$binary\" || true\n      rm -f \"$binary.bak\"\n    fi\n  done\nfi\n";
		};
		8728745738B186CECB8FBF81 /* Strip Simulator Slices */ = {
			isa = PBXShellScriptBuildPhase;
			buildActionMask = 2147483647;
			files = (
			);
			inputFileListPaths = (
			);
			inputPaths = (
			);
			name = "Strip Simulator Slices";
			outputFileListPaths = (
			);
			outputPaths = (
			);
			runOnlyForDeploymentPostprocessing = 1;
			shellPath = /bin/sh;
			shellScript = "if [ \"$CONFIGURATION\" == \"Release\" ]; then\n  find \"$TARGET_BUILD_DIR/$WRAPPER_NAME\" -name \"*.framework\" -type d | while read framework; do\n    binary=\"$framework/$(basename \"$framework\" .framework)\"\n    if [ ! -f \"$binary\" ]; then continue; fi\n    # Use vtool to check and remove simulator platform\n    if vtool -show-build \"$binary\" 2>/dev/null | grep -q \"IOSSIMULATOR\"; then\n      echo \"Stripping simulator slice from: $binary\"\n      cp \"$binary\" \"$binary.bak\"\n      lipo \"$binary.bak\" -remove x86_64 -output \"$binary\" 2>/dev/null || cp \"$binary.bak\" \"$binary\"\n      vtool -set-build-version ios 15.0 15.0 -replace -output \"$binary.fixed\" \"$binary\" 2>/dev/null && mv \"$binary.fixed\" \"$binary\" || true\n      rm -f \"$binary.bak\"\n    fi\n  done\nfi\n";
		};
		8C64633778571BF5CC487906 /* Strip Simulator Slices */ = {
			isa = PBXShellScriptBuildPhase;
			buildActionMask = 2147483647;
			files = (
			);
			inputFileListPaths = (
			);
			inputPaths = (
			);
			name = "Strip Simulator Slices";
			outputFileListPaths = (
			);
			outputPaths = (
			);
			runOnlyForDeploymentPostprocessing = 1;
			shellPath = /bin/sh;
			shellScript = "if [ \"$CONFIGURATION\" == \"Release\" ]; then\n  find \"$TARGET_BUILD_DIR/$WRAPPER_NAME\" -name \"*.framework\" -type d | while read framework; do\n    binary=\"$framework/$(basename \"$framework\" .framework)\"\n    if [ ! -f \"$binary\" ]; then continue; fi\n    # Use vtool to check and remove simulator platform\n    if vtool -show-build \"$binary\" 2>/dev/null | grep -q \"IOSSIMULATOR\"; then\n      echo \"Stripping simulator slice from: $binary\"\n      cp \"$binary\" \"$binary.bak\"\n      lipo \"$binary.bak\" -remove x86_64 -output \"$binary\" 2>/dev/null || cp \"$binary.bak\" \"$binary\"\n      vtool -set-build-version ios 15.0 15.0 -replace -output \"$binary.fixed\" \"$binary\" 2>/dev/null && mv \"$binary.fixed\" \"$binary\" || true\n      rm -f \"$binary.bak\"\n    fi\n  done\nfi\n";
		};
		92F641149537023202969F48 /* Strip Simulator Slices */ = {
			isa = PBXShellScriptBuildPhase;
			buildActionMask = 2147483647;
			files = (
			);
			inputFileListPaths = (
			);
			inputPaths = (
			);
			name = "Strip Simulator Slices";
			outputFileListPaths = (
			);
			outputPaths = (
			);
			runOnlyForDeploymentPostprocessing = 1;
			shellPath = /bin/sh;
			shellScript = "if [ \"$CONFIGURATION\" == \"Release\" ]; then\n  find \"$TARGET_BUILD_DIR/$WRAPPER_NAME\" -name \"*.framework\" -type d | while read framework; do\n    binary=\"$framework/$(basename \"$framework\" .framework)\"\n    if [ ! -f \"$binary\" ]; then continue; fi\n    # Use vtool to check and remove simulator platform\n    if vtool -show-build \"$binary\" 2>/dev/null | grep -q \"IOSSIMULATOR\"; then\n      echo \"Stripping simulator slice from: $binary\"\n      cp \"$binary\" \"$binary.bak\"\n      lipo \"$binary.bak\" -remove x86_64 -output \"$binary\" 2>/dev/null || cp \"$binary.bak\" \"$binary\"\n      vtool -set-build-version ios 15.0 15.0 -replace -output \"$binary.fixed\" \"$binary\" 2>/dev/null && mv \"$binary.fixed\" \"$binary\" || true\n      rm -f \"$binary.bak\"\n    fi\n  done\nfi\n";
		};
		9740EEB61CF901F6004384FC /* Run Script */ = {
			isa = PBXShellScriptBuildPhase;
			alwaysOutOfDate = 1;
			buildActionMask = 2147483647;
			files = (
			);
			inputPaths = (
			);
			name = "Run Script";
			outputPaths = (
			);
			runOnlyForDeploymentPostprocessing = 0;
			shellPath = /bin/sh;
			shellScript = "/bin/sh \"$FLUTTER_ROOT/packages/flutter_tools/bin/xcode_backend.sh\" build";
		};
		B1B7971A5B7F21846CC3964F /* Strip Simulator Slices */ = {
			isa = PBXShellScriptBuildPhase;
			buildActionMask = 2147483647;
			files = (
			);
			inputFileListPaths = (
			);
			inputPaths = (
			);
			name = "Strip Simulator Slices";
			outputFileListPaths = (
			);
			outputPaths = (
			);
			runOnlyForDeploymentPostprocessing = 1;
			shellPath = /bin/sh;
			shellScript = "if [ \"$CONFIGURATION\" == \"Release\" ]; then\n  find \"$TARGET_BUILD_DIR/$WRAPPER_NAME\" -name \"*.framework\" -type d | while read framework; do\n    binary=\"$framework/$(basename \"$framework\" .framework)\"\n    if [ ! -f \"$binary\" ]; then continue; fi\n    # Use vtool to check and remove simulator platform\n    if vtool -show-build \"$binary\" 2>/dev/null | grep -q \"IOSSIMULATOR\"; then\n      echo \"Stripping simulator slice from: $binary\"\n      cp \"$binary\" \"$binary.bak\"\n      lipo \"$binary.bak\" -remove x86_64 -output \"$binary\" 2>/dev/null || cp \"$binary.bak\" \"$binary\"\n      vtool -set-build-version ios 15.0 15.0 -replace -output \"$binary.fixed\" \"$binary\" 2>/dev/null && mv \"$binary.fixed\" \"$binary\" || true\n      rm -f \"$binary.bak\"\n    fi\n  done\nfi\n";
		};
		D54D9C0DD1BA991A17FBB6A0 /* Strip Simulator Slices */ = {
			isa = PBXShellScriptBuildPhase;
			buildActionMask = 2147483647;
			files = (
			);
			inputFileListPaths = (
			);
			inputPaths = (
			);
			name = "Strip Simulator Slices";
			outputFileListPaths = (
			);
			outputPaths = (
			);
			runOnlyForDeploymentPostprocessing = 1;
			shellPath = /bin/sh;
			shellScript = "if [ \"$CONFIGURATION\" == \"Release\" ]; then\n  find \"$TARGET_BUILD_DIR/$WRAPPER_NAME\" -name \"*.framework\" -type d | while read framework; do\n    binary=\"$framework/$(basename \"$framework\" .framework)\"\n    if [ ! -f \"$binary\" ]; then continue; fi\n    # Use vtool to check and remove simulator platform\n    if vtool -show-build \"$binary\" 2>/dev/null | grep -q \"IOSSIMULATOR\"; then\n      echo \"Stripping simulator slice from: $binary\"\n      cp \"$binary\" \"$binary.bak\"\n      lipo \"$binary.bak\" -remove x86_64 -output \"$binary\" 2>/dev/null || cp \"$binary.bak\" \"$binary\"\n      vtool -set-build-version ios 15.0 15.0 -replace -output \"$binary.fixed\" \"$binary\" 2>/dev/null && mv \"$binary.fixed\" \"$binary\" || true\n      rm -f \"$binary.bak\"\n    fi\n  done\nfi\n";
		};
		F3AC87538828CE83E12E2EAF /* Strip Simulator Slices */ = {
			isa = PBXShellScriptBuildPhase;
			buildActionMask = 2147483647;
			files = (
			);
			inputFileListPaths = (
			);
			inputPaths = (
			);
			name = "Strip Simulator Slices";
			outputFileListPaths = (
			);
			outputPaths = (
			);
			runOnlyForDeploymentPostprocessing = 1;
			shellPath = /bin/sh;
			shellScript = "if [ \"$CONFIGURATION\" == \"Release\" ]; then\n  find \"$TARGET_BUILD_DIR/$WRAPPER_NAME\" -name \"*.framework\" -type d | while read framework; do\n    binary=\"$framework/$(basename \"$framework\" .framework)\"\n    if [ ! -f \"$binary\" ]; then continue; fi\n    # Use vtool to check and remove simulator platform\n    if vtool -show-build \"$binary\" 2>/dev/null | grep -q \"IOSSIMULATOR\"; then\n      echo \"Stripping simulator slice from: $binary\"\n      cp \"$binary\" \"$binary.bak\"\n      lipo \"$binary.bak\" -remove x86_64 -output \"$binary\" 2>/dev/null || cp \"$binary.bak\" \"$binary\"\n      vtool -set-build-version ios 15.0 15.0 -replace -output \"$binary.fixed\" \"$binary\" 2>/dev/null && mv \"$binary.fixed\" \"$binary\" || true\n      rm -f \"$binary.bak\"\n    fi\n  done\nfi\n";
		};
		F41C77089123FAE777678A03 /* Strip Simulator Slices */ = {
			isa = PBXShellScriptBuildPhase;
			buildActionMask = 2147483647;
			files = (
			);
			inputFileListPaths = (
			);
			inputPaths = (
			);
			name = "Strip Simulator Slices";
			outputFileListPaths = (
			);
			outputPaths = (
			);
			runOnlyForDeploymentPostprocessing = 1;
			shellPath = /bin/sh;
			shellScript = "if [ \"$CONFIGURATION\" == \"Release\" ]; then\n  find \"$TARGET_BUILD_DIR/$WRAPPER_NAME\" -name \"*.framework\" -type d | while read framework; do\n    binary=\"$framework/$(basename \"$framework\" .framework)\"\n    if [ ! -f \"$binary\" ]; then continue; fi\n    # Use vtool to check and remove simulator platform\n    if vtool -show-build \"$binary\" 2>/dev/null | grep -q \"IOSSIMULATOR\"; then\n      echo \"Stripping simulator slice from: $binary\"\n      cp \"$binary\" \"$binary.bak\"\n      lipo \"$binary.bak\" -remove x86_64 -output \"$binary\" 2>/dev/null || cp \"$binary.bak\" \"$binary\"\n      vtool -set-build-version ios 15.0 15.0 -replace -output \"$binary.fixed\" \"$binary\" 2>/dev/null && mv \"$binary.fixed\" \"$binary\" || true\n      rm -f \"$binary.bak\"\n    fi\n  done\nfi\n";
		};
		F4644F65BD42ADE845E6493A /* [CP] Copy Pods Resources */ = {
			isa = PBXShellScriptBuildPhase;
			buildActionMask = 2147483647;
			files = (
			);
			inputFileListPaths = (
				"${PODS_ROOT}/Target Support Files/Pods-Runner/Pods-Runner-resources-${CONFIGURATION}-input-files.xcfilelist",
			);
			name = "[CP] Copy Pods Resources";
			outputFileListPaths = (
				"${PODS_ROOT}/Target Support Files/Pods-Runner/Pods-Runner-resources-${CONFIGURATION}-output-files.xcfilelist",
			);
			runOnlyForDeploymentPostprocessing = 0;
			shellPath = /bin/sh;
			shellScript = "\"${PODS_ROOT}/Target Support Files/Pods-Runner/Pods-Runner-resources.sh\"\n";
			showEnvVarsInLog = 0;
		};
/* End PBXShellScriptBuildPhase section */

/* Begin PBXSourcesBuildPhase section */
		331C807D294A63A400263BE5 /* Sources */ = {
			isa = PBXSourcesBuildPhase;
			buildActionMask = 2147483647;
			files = (
				331C808B294A63AB00263BE5 /* RunnerTests.swift in Sources */,
			);
			runOnlyForDeploymentPostprocessing = 0;
		};
		97C146EA1CF9000F007C117D /* Sources */ = {
			isa = PBXSourcesBuildPhase;
			buildActionMask = 2147483647;
			files = (
				74858FAF1ED2DC5600515810 /* AppDelegate.swift in Sources */,
				1498D2341E8E89220040F4C2 /* GeneratedPluginRegistrant.m in Sources */,
				7884E8682EC3CC0700C636F2 /* SceneDelegate.swift in Sources */,
			);
			runOnlyForDeploymentPostprocessing = 0;
		};
/* End PBXSourcesBuildPhase section */

/* Begin PBXTargetDependency section */
		331C8086294A63A400263BE5 /* PBXTargetDependency */ = {
			isa = PBXTargetDependency;
			target = 97C146ED1CF9000F007C117D /* Runner */;
			targetProxy = 331C8085294A63A400263BE5 /* PBXContainerItemProxy */;
		};
/* End PBXTargetDependency section */

/* Begin PBXVariantGroup section */
		97C146FA1CF9000F007C117D /* Main.storyboard */ = {
			isa = PBXVariantGroup;
			children = (
				97C146FB1CF9000F007C117D /* Base */,
			);
			name = Main.storyboard;
			sourceTree = "<group>";
		};
		97C146FF1CF9000F007C117D /* LaunchScreen.storyboard */ = {
			isa = PBXVariantGroup;
			children = (
				97C147001CF9000F007C117D /* Base */,
			);
			name = LaunchScreen.storyboard;
			sourceTree = "<group>";
		};
/* End PBXVariantGroup section */

/* Begin XCBuildConfiguration section */
		249021D3217E4FDB00AE95B9 /* Profile */ = {
			isa = XCBuildConfiguration;
			buildSettings = {
				ALWAYS_SEARCH_USER_PATHS = NO;
				ASSETCATALOG_COMPILER_GENERATE_SWIFT_ASSET_SYMBOL_EXTENSIONS = YES;
				CLANG_ANALYZER_NONNULL = YES;
				CLANG_CXX_LANGUAGE_STANDARD = "gnu++0x";
				CLANG_CXX_LIBRARY = "libc++";
				CLANG_ENABLE_MODULES = YES;
				CLANG_ENABLE_OBJC_ARC = YES;
				CLANG_WARN_BLOCK_CAPTURE_AUTORELEASING = YES;
				CLANG_WARN_BOOL_CONVERSION = YES;
				CLANG_WARN_COMMA = YES;
				CLANG_WARN_CONSTANT_CONVERSION = YES;
				CLANG_WARN_DEPRECATED_OBJC_IMPLEMENTATIONS = YES;
				CLANG_WARN_DIRECT_OBJC_ISA_USAGE = YES_ERROR;
				CLANG_WARN_EMPTY_BODY = YES;
				CLANG_WARN_ENUM_CONVERSION = YES;
				CLANG_WARN_INFINITE_RECURSION = YES;
				CLANG_WARN_INT_CONVERSION = YES;
				CLANG_WARN_NON_LITERAL_NULL_CONVERSION = YES;
				CLANG_WARN_OBJC_IMPLICIT_RETAIN_SELF = YES;
				CLANG_WARN_OBJC_LITERAL_CONVERSION = YES;
				CLANG_WARN_OBJC_ROOT_CLASS = YES_ERROR;
				CLANG_WARN_RANGE_LOOP_ANALYSIS = YES;
				CLANG_WARN_STRICT_PROTOTYPES = YES;
				CLANG_WARN_SUSPICIOUS_MOVE = YES;
				CLANG_WARN_UNREACHABLE_CODE = YES;
				CLANG_WARN__DUPLICATE_METHOD_MATCH = YES;
				"CODE_SIGN_IDENTITY[sdk=iphoneos*]" = "iPhone Developer";
				COPY_PHASE_STRIP = NO;
				DEBUG_INFORMATION_FORMAT = "dwarf-with-dsym";
				ENABLE_NS_ASSERTIONS = NO;
				ENABLE_STRICT_OBJC_MSGSEND = YES;
				ENABLE_USER_SCRIPT_SANDBOXING = NO;
				GCC_C_LANGUAGE_STANDARD = gnu99;
				GCC_NO_COMMON_BLOCKS = YES;
				GCC_WARN_64_TO_32_BIT_CONVERSION = YES;
				GCC_WARN_ABOUT_RETURN_TYPE = YES_ERROR;
				GCC_WARN_UNDECLARED_SELECTOR = YES;
				GCC_WARN_UNINITIALIZED_AUTOS = YES_AGGRESSIVE;
				GCC_WARN_UNUSED_FUNCTION = YES;
				GCC_WARN_UNUSED_VARIABLE = YES;
				IPHONEOS_DEPLOYMENT_TARGET = 15.0;
				MTL_ENABLE_DEBUG_INFO = NO;
				SDKROOT = iphoneos;
				SUPPORTED_PLATFORMS = iphoneos;
				TARGETED_DEVICE_FAMILY = "1,2";
				VALIDATE_PRODUCT = YES;
			};
			name = Profile;
		};
		249021D4217E4FDB00AE95B9 /* Profile */ = {
			isa = XCBuildConfiguration;
			baseConfigurationReference = 7AFA3C8E1D35360C0083082E /* Release.xcconfig */;
			buildSettings = {
				ASSETCATALOG_COMPILER_APPICON_NAME = business_logo_ios_easter;
				ASSETCATALOG_COMPILER_INCLUDE_ALL_APPICON_ASSETS = YES;
				CLANG_ENABLE_MODULES = YES;
				CODE_SIGN_ENTITLEMENTS = Runner/Runner.entitlements;
				CURRENT_PROJECT_VERSION = "$(FLUTTER_BUILD_NUMBER)";
				DEVELOPMENT_TEAM = 5L9F42TRNX;
				ENABLE_APP_SANDBOX = YES;
				ENABLE_BITCODE = NO;
				ENABLE_HARDENED_RUNTIME = YES;
				ENABLE_OUTGOING_NETWORK_CONNECTIONS = YES;
				ENABLE_RESOURCE_ACCESS_CAMERA = YES;
				ENABLE_RESOURCE_ACCESS_LOCATION = YES;
				ENABLE_RESOURCE_ACCESS_PHOTO_LIBRARY = YES;
				INFOPLIST_FILE = Runner/Info.plist;
				INFOPLIST_KEY_CFBundleDisplayName = "Cultioo Business";
				INFOPLIST_KEY_LSApplicationCategoryType = "public.app-category.business";
				LD_RUNPATH_SEARCH_PATHS = (
					"$(inherited)",
					"@executable_path/Frameworks",
				);
				MARKETING_VERSION = 1.0.0;
				PRODUCT_BUNDLE_IDENTIFIER = com.cultioo.BusinessApp;
				PRODUCT_NAME = "$(TARGET_NAME)";
				REGISTER_APP_GROUPS = YES;
				SUPPORTED_PLATFORMS = "iphoneos iphonesimulator macosx";
				SUPPORTS_MACCATALYST = NO;
				SUPPORTS_MAC_DESIGNED_FOR_IPHONE_IPAD = NO;
				SWIFT_OBJC_BRIDGING_HEADER = "Runner/Runner-Bridging-Header.h";
				SWIFT_VERSION = 5.0;
				TARGETED_DEVICE_FAMILY = "1,2";
				VERSIONING_SYSTEM = "apple-generic";
			};
			name = Profile;
		};
		331C8088294A63A400263BE5 /* Debug */ = {
			isa = XCBuildConfiguration;
			baseConfigurationReference = 79C6A991D0A56A81DC008A55 /* Pods-RunnerTests.debug.xcconfig */;
			buildSettings = {
				BUNDLE_LOADER = "$(TEST_HOST)";
				CODE_SIGN_STYLE = Automatic;
				CURRENT_PROJECT_VERSION = 1;
				GENERATE_INFOPLIST_FILE = YES;
				MARKETING_VERSION = 1.0;
				PRODUCT_BUNDLE_IDENTIFIER = com.cultioo.BusinessApp.RunnerTests;
				PRODUCT_NAME = "$(TARGET_NAME)";
				SWIFT_ACTIVE_COMPILATION_CONDITIONS = DEBUG;
				SWIFT_OPTIMIZATION_LEVEL = "-Onone";
				SWIFT_VERSION = 5.0;
				TEST_HOST = "$(BUILT_PRODUCTS_DIR)/Runner.app/$(BUNDLE_EXECUTABLE_FOLDER_PATH)/Runner";
			};
			name = Debug;
		};
		331C8089294A63A400263BE5 /* Release */ = {
			isa = XCBuildConfiguration;
			baseConfigurationReference = F86A5560308391BEFF16F4C4 /* Pods-RunnerTests.release.xcconfig */;
			buildSettings = {
				BUNDLE_LOADER = "$(TEST_HOST)";
				CODE_SIGN_STYLE = Automatic;
				CURRENT_PROJECT_VERSION = 1;
				GENERATE_INFOPLIST_FILE = YES;
				MARKETING_VERSION = 1.0;
				PRODUCT_BUNDLE_IDENTIFIER = com.cultioo.BusinessApp.RunnerTests;
				PRODUCT_NAME = "$(TARGET_NAME)";
				SWIFT_VERSION = 5.0;
				TEST_HOST = "$(BUILT_PRODUCTS_DIR)/Runner.app/$(BUNDLE_EXECUTABLE_FOLDER_PATH)/Runner";
			};
			name = Release;
		};
		331C808A294A63A400263BE5 /* Profile */ = {
			isa = XCBuildConfiguration;
			baseConfigurationReference = 7A1C9C11C6ABC279425A8293 /* Pods-RunnerTests.profile.xcconfig */;
			buildSettings = {
				BUNDLE_LOADER = "$(TEST_HOST)";
				CODE_SIGN_STYLE = Automatic;
				CURRENT_PROJECT_VERSION = 1;
				GENERATE_INFOPLIST_FILE = YES;
				MARKETING_VERSION = 1.0;
				PRODUCT_BUNDLE_IDENTIFIER = com.cultioo.BusinessApp.RunnerTests;
				PRODUCT_NAME = "$(TARGET_NAME)";
				SWIFT_VERSION = 5.0;
				TEST_HOST = "$(BUILT_PRODUCTS_DIR)/Runner.app/$(BUNDLE_EXECUTABLE_FOLDER_PATH)/Runner";
			};
			name = Profile;
		};
		97C147031CF9000F007C117D /* Debug */ = {
			isa = XCBuildConfiguration;
			buildSettings = {
				ALWAYS_SEARCH_USER_PATHS = NO;
				ASSETCATALOG_COMPILER_GENERATE_SWIFT_ASSET_SYMBOL_EXTENSIONS = YES;
				CLANG_ANALYZER_NONNULL = YES;
				CLANG_CXX_LANGUAGE_STANDARD = "gnu++0x";
				CLANG_CXX_LIBRARY = "libc++";
				CLANG_ENABLE_MODULES = YES;
				CLANG_ENABLE_OBJC_ARC = YES;
				CLANG_WARN_BLOCK_CAPTURE_AUTORELEASING = YES;
				CLANG_WARN_BOOL_CONVERSION = YES;
				CLANG_WARN_COMMA = YES;
				CLANG_WARN_CONSTANT_CONVERSION = YES;
				CLANG_WARN_DEPRECATED_OBJC_IMPLEMENTATIONS = YES;
				CLANG_WARN_DIRECT_OBJC_ISA_USAGE = YES_ERROR;
				CLANG_WARN_EMPTY_BODY = YES;
				CLANG_WARN_ENUM_CONVERSION = YES;
				CLANG_WARN_INFINITE_RECURSION = YES;
				CLANG_WARN_INT_CONVERSION = YES;
				CLANG_WARN_NON_LITERAL_NULL_CONVERSION = YES;
				CLANG_WARN_OBJC_IMPLICIT_RETAIN_SELF = YES;
				CLANG_WARN_OBJC_LITERAL_CONVERSION = YES;
				CLANG_WARN_OBJC_ROOT_CLASS = YES_ERROR;
				CLANG_WARN_RANGE_LOOP_ANALYSIS = YES;
				CLANG_WARN_STRICT_PROTOTYPES = YES;
				CLANG_WARN_SUSPICIOUS_MOVE = YES;
				CLANG_WARN_UNREACHABLE_CODE = YES;
				CLANG_WARN__DUPLICATE_METHOD_MATCH = YES;
				"CODE_SIGN_IDENTITY[sdk=iphoneos*]" = "iPhone Developer";
				COPY_PHASE_STRIP = NO;
				DEBUG_INFORMATION_FORMAT = dwarf;
				ENABLE_STRICT_OBJC_MSGSEND = YES;
				ENABLE_TESTABILITY = YES;
				ENABLE_USER_SCRIPT_SANDBOXING = NO;
				GCC_C_LANGUAGE_STANDARD = gnu99;
				GCC_DYNAMIC_NO_PIC = NO;
				GCC_NO_COMMON_BLOCKS = YES;
				GCC_OPTIMIZATION_LEVEL = 0;
				GCC_PREPROCESSOR_DEFINITIONS = (
					"DEBUG=1",
					"$(inherited)",
				);
				GCC_WARN_64_TO_32_BIT_CONVERSION = YES;
				GCC_WARN_ABOUT_RETURN_TYPE = YES_ERROR;
				GCC_WARN_UNDECLARED_SELECTOR = YES;
				GCC_WARN_UNINITIALIZED_AUTOS = YES_AGGRESSIVE;
				GCC_WARN_UNUSED_FUNCTION = YES;
				GCC_WARN_UNUSED_VARIABLE = YES;
				IPHONEOS_DEPLOYMENT_TARGET = 15.0;
				MTL_ENABLE_DEBUG_INFO = YES;
				ONLY_ACTIVE_ARCH = YES;
				SDKROOT = iphoneos;
				TARGETED_DEVICE_FAMILY = "1,2";
			};
			name = Debug;
		};
		97C147041CF9000F007C117D /* Release */ = {
			isa = XCBuildConfiguration;
			buildSettings = {
				ALWAYS_SEARCH_USER_PATHS = NO;
				ASSETCATALOG_COMPILER_GENERATE_SWIFT_ASSET_SYMBOL_EXTENSIONS = YES;
				CLANG_ANALYZER_NONNULL = YES;
				CLANG_CXX_LANGUAGE_STANDARD = "gnu++0x";
				CLANG_CXX_LIBRARY = "libc++";
				CLANG_ENABLE_MODULES = YES;
				CLANG_ENABLE_OBJC_ARC = YES;
				CLANG_WARN_BLOCK_CAPTURE_AUTORELEASING = YES;
				CLANG_WARN_BOOL_CONVERSION = YES;
				CLANG_WARN_COMMA = YES;
				CLANG_WARN_CONSTANT_CONVERSION = YES;
				CLANG_WARN_DEPRECATED_OBJC_IMPLEMENTATIONS = YES;
				CLANG_WARN_DIRECT_OBJC_ISA_USAGE = YES_ERROR;
				CLANG_WARN_EMPTY_BODY = YES;
				CLANG_WARN_ENUM_CONVERSION = YES;
				CLANG_WARN_INFINITE_RECURSION = YES;
				CLANG_WARN_INT_CONVERSION = YES;
				CLANG_WARN_NON_LITERAL_NULL_CONVERSION = YES;
				CLANG_WARN_OBJC_IMPLICIT_RETAIN_SELF = YES;
				CLANG_WARN_OBJC_LITERAL_CONVERSION = YES;
				CLANG_WARN_OBJC_ROOT_CLASS = YES_ERROR;
				CLANG_WARN_RANGE_LOOP_ANALYSIS = YES;
				CLANG_WARN_STRICT_PROTOTYPES = YES;
				CLANG_WARN_SUSPICIOUS_MOVE = YES;
				CLANG_WARN_UNREACHABLE_CODE = YES;
				CLANG_WARN__DUPLICATE_METHOD_MATCH = YES;
				"CODE_SIGN_IDENTITY[sdk=iphoneos*]" = "iPhone Developer";
				COPY_PHASE_STRIP = NO;
				DEBUG_INFORMATION_FORMAT = "dwarf-with-dsym";
				ENABLE_NS_ASSERTIONS = NO;
				ENABLE_STRICT_OBJC_MSGSEND = YES;
				ENABLE_USER_SCRIPT_SANDBOXING = NO;
				GCC_C_LANGUAGE_STANDARD = gnu99;
				GCC_NO_COMMON_BLOCKS = YES;
				GCC_WARN_64_TO_32_BIT_CONVERSION = YES;
				GCC_WARN_ABOUT_RETURN_TYPE = YES_ERROR;
				GCC_WARN_UNDECLARED_SELECTOR = YES;
				GCC_WARN_UNINITIALIZED_AUTOS = YES_AGGRESSIVE;
				GCC_WARN_UNUSED_FUNCTION = YES;
				GCC_WARN_UNUSED_VARIABLE = YES;
				IPHONEOS_DEPLOYMENT_TARGET = 15.0;
				MTL_ENABLE_DEBUG_INFO = NO;
				SDKROOT = iphoneos;
				SUPPORTED_PLATFORMS = iphoneos;
				SWIFT_COMPILATION_MODE = wholemodule;
				SWIFT_OPTIMIZATION_LEVEL = "-O";
				TARGETED_DEVICE_FAMILY = "1,2";
				VALIDATE_PRODUCT = YES;
			};
			name = Release;
		};
		97C147061CF9000F007C117D /* Debug */ = {
			isa = XCBuildConfiguration;
			baseConfigurationReference = 9740EEB21CF90195004384FC /* Debug.xcconfig */;
			buildSettings = {
				ASSETCATALOG_COMPILER_APPICON_NAME = business_logo_ios_easter;
				ASSETCATALOG_COMPILER_INCLUDE_ALL_APPICON_ASSETS = YES;
				CLANG_ENABLE_MODULES = YES;
				CODE_SIGN_ENTITLEMENTS = Runner/Runner.entitlements;
				CURRENT_PROJECT_VERSION = "$(FLUTTER_BUILD_NUMBER)";
				DEVELOPMENT_TEAM = 5L9F42TRNX;
				ENABLE_APP_SANDBOX = YES;
				ENABLE_BITCODE = NO;
				ENABLE_HARDENED_RUNTIME = YES;
				ENABLE_OUTGOING_NETWORK_CONNECTIONS = YES;
				ENABLE_RESOURCE_ACCESS_CAMERA = YES;
				ENABLE_RESOURCE_ACCESS_LOCATION = YES;
				ENABLE_RESOURCE_ACCESS_PHOTO_LIBRARY = YES;
				INFOPLIST_FILE = Runner/Info.plist;
				INFOPLIST_KEY_CFBundleDisplayName = "Cultioo Business";
				INFOPLIST_KEY_LSApplicationCategoryType = "public.app-category.business";
				LD_RUNPATH_SEARCH_PATHS = (
					"$(inherited)",
					"@executable_path/Frameworks",
				);
				MARKETING_VERSION = 1.0.0;
				PRODUCT_BUNDLE_IDENTIFIER = com.cultioo.BusinessApp;
				PRODUCT_NAME = "$(TARGET_NAME)";
				REGISTER_APP_GROUPS = YES;
				SUPPORTED_PLATFORMS = "iphoneos iphonesimulator macosx";
				SUPPORTS_MACCATALYST = NO;
				SUPPORTS_MAC_DESIGNED_FOR_IPHONE_IPAD = NO;
				SWIFT_OBJC_BRIDGING_HEADER = "Runner/Runner-Bridging-Header.h";
				SWIFT_OPTIMIZATION_LEVEL = "-Onone";
				SWIFT_VERSION = 5.0;
				TARGETED_DEVICE_FAMILY = "1,2";
				VERSIONING_SYSTEM = "apple-generic";
			};
			name = Debug;
		};
		97C147071CF9000F007C117D /* Release */ = {
			isa = XCBuildConfiguration;
			baseConfigurationReference = 7AFA3C8E1D35360C0083082E /* Release.xcconfig */;
			buildSettings = {
				ASSETCATALOG_COMPILER_APPICON_NAME = business_logo_ios_easter;
				ASSETCATALOG_COMPILER_INCLUDE_ALL_APPICON_ASSETS = YES;
				CLANG_ENABLE_MODULES = YES;
				CODE_SIGN_ENTITLEMENTS = Runner/Runner.entitlements;
				CURRENT_PROJECT_VERSION = "$(FLUTTER_BUILD_NUMBER)";
				DEVELOPMENT_TEAM = 5L9F42TRNX;
				ENABLE_APP_SANDBOX = YES;
				ENABLE_BITCODE = NO;
				ENABLE_HARDENED_RUNTIME = YES;
				ENABLE_OUTGOING_NETWORK_CONNECTIONS = YES;
				ENABLE_RESOURCE_ACCESS_CAMERA = YES;
				ENABLE_RESOURCE_ACCESS_LOCATION = YES;
				ENABLE_RESOURCE_ACCESS_PHOTO_LIBRARY = YES;
				INFOPLIST_FILE = Runner/Info.plist;
				INFOPLIST_KEY_CFBundleDisplayName = "Cultioo Business";
				INFOPLIST_KEY_LSApplicationCategoryType = "public.app-category.business";
				LD_RUNPATH_SEARCH_PATHS = (
					"$(inherited)",
					"@executable_path/Frameworks",
				);
				MARKETING_VERSION = 1.0.0;
				PRODUCT_BUNDLE_IDENTIFIER = com.cultioo.BusinessApp;
				PRODUCT_NAME = "$(TARGET_NAME)";
				REGISTER_APP_GROUPS = YES;
				SUPPORTED_PLATFORMS = "iphoneos iphonesimulator macosx";
				SUPPORTS_MACCATALYST = NO;
				SUPPORTS_MAC_DESIGNED_FOR_IPHONE_IPAD = NO;
				SWIFT_OBJC_BRIDGING_HEADER = "Runner/Runner-Bridging-Header.h";
				SWIFT_VERSION = 5.0;
				TARGETED_DEVICE_FAMILY = "1,2";
				VERSIONING_SYSTEM = "apple-generic";
			};
			name = Release;
		};
/* End XCBuildConfiguration section */

/* Begin XCConfigurationList section */
		331C8087294A63A400263BE5 /* Build configuration list for PBXNativeTarget "RunnerTests" */ = {
			isa = XCConfigurationList;
			buildConfigurations = (
				331C8088294A63A400263BE5 /* Debug */,
				331C8089294A63A400263BE5 /* Release */,
				331C808A294A63A400263BE5 /* Profile */,
			);
			defaultConfigurationIsVisible = 0;
			defaultConfigurationName = Release;
		};
		97C146E91CF9000F007C117D /* Build configuration list for PBXProject "Runner" */ = {
			isa = XCConfigurationList;
			buildConfigurations = (
				97C147031CF9000F007C117D /* Debug */,
				97C147041CF9000F007C117D /* Release */,
				249021D3217E4FDB00AE95B9 /* Profile */,
			);
			defaultConfigurationIsVisible = 0;
			defaultConfigurationName = Release;
		};
		97C147051CF9000F007C117D /* Build configuration list for PBXNativeTarget "Runner" */ = {
			isa = XCConfigurationList;
			buildConfigurations = (
				97C147061CF9000F007C117D /* Debug */,
				97C147071CF9000F007C117D /* Release */,
				249021D4217E4FDB00AE95B9 /* Profile */,
			);
			defaultConfigurationIsVisible = 0;
			defaultConfigurationName = Release;
		};
/* End XCConfigurationList section */
	};
	rootObject = 97C146E61CF9000F007C117D /* Project object */;
}
